
Microsoft Visual Studio Solution File, Format Version 12.00
# Visual Studio Version 17
VisualStudioVersion = 17.8.34330.188
MinimumVisualStudioVersion = 10.0.40219.1
Project("{9A19103F-16F7-4668-BE54-9A1E7A4F7556}") = "uniexetask.api", "uniexetask.api\uniexetask.api.csproj", "{DCABCBFB-7DA0-468F-8F70-9EC21ABFE34E}"
EndProject
Project("{9A19103F-16F7-4668-BE54-9A1E7A4F7556}") = "uniexetask.core", "uniexetask.core\uniexetask.core.csproj", "{87E2B9CA-A64B-40E6-BB88-2F3BE8E58909}"
EndProject
Project("{9A19103F-16F7-4668-BE54-9A1E7A4F7556}") = "uniexetask.infrastructure", "uniexetask.infrastructure\uniexetask.infrastructure.csproj", "{B34A8945-DDB7-43BC-ADF1-63F768B85142}"
EndProject
Project("{9A19103F-16F7-4668-BE54-9A1E7A4F7556}") = "uniexetask.services", "uniexetask.services\uniexetask.services.csproj", "{3325C623-DDEB-44DC-A229-FFFD1D8F807C}"
EndProject
Global
	GlobalSection(SolutionConfigurationPlatforms) = preSolution
		Debug|Any CPU = Debug|Any CPU
		Release|Any CPU = Release|Any CPU
	EndGlobalSection
	GlobalSection(ProjectConfigurationPlatforms) = postSolution
		{DCABCBFB-7DA0-468F-8F70-9EC21ABFE34E}.Debug|Any CPU.ActiveCfg = Debug|Any CPU
		{DCABCBFB-7DA0-468F-8F70-9EC21ABFE34E}.Debug|Any CPU.Build.0 = Debug|Any CPU
		{DCABCBFB-7DA0-468F-8F70-9EC21ABFE34E}.Release|Any CPU.ActiveCfg = Release|Any CPU
		{DCABCBFB-7DA0-468F-8F70-9EC21ABFE34E}.Release|Any CPU.Build.0 = Release|Any CPU
		{87E2B9CA-A64B-40E6-BB88-2F3BE8E58909}.Debug|Any CPU.ActiveCfg = Debug|Any CPU
		{87E2B9CA-A64B-40E6-BB88-2F3BE8E58909}.Debug|Any CPU.Build.0 = Debug|Any CPU
		{87E2B9CA-A64B-40E6-BB88-2F3BE8E58909}.Release|Any CPU.ActiveCfg = Release|Any CPU
		{87E2B9CA-A64B-40E6-BB88-2F3BE8E58909}.Release|Any CPU.Build.0 = Release|Any CPU
		{B34A8945-DDB7-43BC-ADF1-63F768B85142}.Debug|Any CPU.ActiveCfg = Debug|Any CPU
		{B34A8945-DDB7-43BC-ADF1-63F768B85142}.Debug|Any CPU.Build.0 = Debug|Any CPU
		{B34A8945-DDB7-43BC-ADF1-63F768B85142}.Release|Any CPU.ActiveCfg = Release|Any CPU
		{B34A8945-DDB7-43BC-ADF1-63F768B85142}.Release|Any CPU.Build.0 = Release|Any CPU
		{3325C623-DDEB-44DC-A229-FFFD1D8F807C}.Debug|Any CPU.ActiveCfg = Debug|Any CPU
		{3325C623-DDEB-44DC-A229-FFFD1D8F807C}.Debug|Any CPU.Build.0 = Debug|Any CPU
		{3325C623-DDEB-44DC-A229-FFFD1D8F807C}.Release|Any CPU.ActiveCfg = Release|Any CPU
		{3325C623-DDEB-44DC-A229-FFFD1D8F807C}.Release|Any CPU.Build.0 = Release|Any CPU
	EndGlobalSection
	GlobalSection(SolutionProperties) = preSolution
		HideSolutionNode = FALSE
	EndGlobalSection
	GlobalSection(ExtensibilityGlobals) = postSolution
		SolutionGuid = {D0BB6E78-2166-4377-BC90-FB37033EA9D5}
	EndGlobalSection
EndGlobal
